
Microsoft Visual Studio Solution File, Format Version 12.00
# Visual Studio 14
VisualStudioVersion = 14.0.25420.1
MinimumVisualStudioVersion = 10.0.40219.1
Project("{8BB2217D-0F2D-49D1-97BC-3654ED321F3B}") = "PerfLogAnalyzer", "PerfLogAnalyzer\PerfLogAnalyzer.xproj", "{F03C2304-5D7E-4786-A0B3-4FCFA19DCD83}"
EndProject
Project("{8BB2217D-0F2D-49D1-97BC-3654ED321F3B}") = "CrcChecker", "CrcChecker\CrcChecker.xproj", "{6EE49D81-E056-434B-98A1-6FC60D715947}"
EndProject
Project("{8BB2217D-0F2D-49D1-97BC-3654ED321F3B}") = "CrcChecker_uTest", "CrcChecker_uTest\CrcChecker_uTest.xproj", "{A0DF5538-4C03-44F1-953E-947166E280E9}"
EndProject
Project("{FAE04EC0-301F-11D3-BF4B-00C04F79EFBC}") = "FileIoPerformanceComparer", "FileIoPerformanceComparer\FileIoPerformanceComparer.csproj", "{71204445-5933-41D7-8EB6-ECBA186DEFBF}"
EndProject
Global
	GlobalSection(SolutionConfigurationPlatforms) = preSolution
		Debug|x64 = Debug|x64
		Release|x64 = Release|x64
	EndGlobalSection
	GlobalSection(ProjectConfigurationPlatforms) = postSolution
		{F03C2304-5D7E-4786-A0B3-4FCFA19DCD83}.Debug|x64.ActiveCfg = Debug|Any CPU
		{F03C2304-5D7E-4786-A0B3-4FCFA19DCD83}.Debug|x64.Build.0 = Debug|Any CPU
		{F03C2304-5D7E-4786-A0B3-4FCFA19DCD83}.Release|x64.ActiveCfg = Release|Any CPU
		{F03C2304-5D7E-4786-A0B3-4FCFA19DCD83}.Release|x64.Build.0 = Release|Any CPU
		{6EE49D81-E056-434B-98A1-6FC60D715947}.Debug|x64.ActiveCfg = Debug|Any CPU
		{6EE49D81-E056-434B-98A1-6FC60D715947}.Debug|x64.Build.0 = Debug|Any CPU
		{6EE49D81-E056-434B-98A1-6FC60D715947}.Release|x64.ActiveCfg = Release|Any CPU
		{6EE49D81-E056-434B-98A1-6FC60D715947}.Release|x64.Build.0 = Release|Any CPU
		{A0DF5538-4C03-44F1-953E-947166E280E9}.Debug|x64.ActiveCfg = Debug|Any CPU
		{A0DF5538-4C03-44F1-953E-947166E280E9}.Debug|x64.Build.0 = Debug|Any CPU
		{A0DF5538-4C03-44F1-953E-947166E280E9}.Release|x64.ActiveCfg = Release|Any CPU
		{A0DF5538-4C03-44F1-953E-947166E280E9}.Release|x64.Build.0 = Release|Any CPU
		{71204445-5933-41D7-8EB6-ECBA186DEFBF}.Debug|x64.ActiveCfg = Debug|x64
		{71204445-5933-41D7-8EB6-ECBA186DEFBF}.Debug|x64.Build.0 = Debug|x64
		{71204445-5933-41D7-8EB6-ECBA186DEFBF}.Release|x64.ActiveCfg = Release|x64
		{71204445-5933-41D7-8EB6-ECBA186DEFBF}.Release|x64.Build.0 = Release|x64
	EndGlobalSection
	GlobalSection(SolutionProperties) = preSolution
		HideSolutionNode = FALSE
	EndGlobalSection
EndGlobal
