
Microsoft Visual Studio Solution File, Format Version 12.00
# Visual Studio 14
VisualStudioVersion = 14.0.25420.1
MinimumVisualStudioVersion = 10.0.40219.1
Project("{FAE04EC0-301F-11D3-BF4B-00C04F79EFBC}") = "CrcChecker", "CrcChecker\CrcChecker.csproj", "{F6A76FC7-5084-41D1-8D6C-8394550C931A}"
EndProject
Project("{FAE04EC0-301F-11D3-BF4B-00C04F79EFBC}") = "PerfLogAnalyzer", "PerfLogAnalyzer\PerfLogAnalyzer.csproj", "{EB510E49-3F90-4B3F-909A-340B898B487B}"
EndProject
Project("{FAE04EC0-301F-11D3-BF4B-00C04F79EFBC}") = "FileIoPerformanceComparer", "FileIoPerformanceComparer\FileIoPerformanceComparer.csproj", "{71204445-5933-41D7-8EB6-ECBA186DEFBF}"
EndProject
Project("{FAE04EC0-301F-11D3-BF4B-00C04F79EFBC}") = "CrcChecker_uTest", "CrcChecker_uTest\CrcChecker_uTest.csproj", "{D3BA08EB-0258-4E66-808D-9580A1400719}"
EndProject
Global
	GlobalSection(SolutionConfigurationPlatforms) = preSolution
		Debug|x64 = Debug|x64
		Debug|x86 = Debug|x86
		Release|x64 = Release|x64
		Release|x86 = Release|x86
	EndGlobalSection
	GlobalSection(ProjectConfigurationPlatforms) = postSolution
		{F6A76FC7-5084-41D1-8D6C-8394550C931A}.Debug|x64.ActiveCfg = Debug|x64
		{F6A76FC7-5084-41D1-8D6C-8394550C931A}.Debug|x64.Build.0 = Debug|x64
		{F6A76FC7-5084-41D1-8D6C-8394550C931A}.Debug|x86.ActiveCfg = Debug|x86
		{F6A76FC7-5084-41D1-8D6C-8394550C931A}.Debug|x86.Build.0 = Debug|x86
		{F6A76FC7-5084-41D1-8D6C-8394550C931A}.Release|x64.ActiveCfg = Release|x64
		{F6A76FC7-5084-41D1-8D6C-8394550C931A}.Release|x64.Build.0 = Release|x64
		{F6A76FC7-5084-41D1-8D6C-8394550C931A}.Release|x86.ActiveCfg = Release|x86
		{F6A76FC7-5084-41D1-8D6C-8394550C931A}.Release|x86.Build.0 = Release|x86
		{EB510E49-3F90-4B3F-909A-340B898B487B}.Debug|x64.ActiveCfg = Debug|x64
		{EB510E49-3F90-4B3F-909A-340B898B487B}.Debug|x64.Build.0 = Debug|x64
		{EB510E49-3F90-4B3F-909A-340B898B487B}.Debug|x86.ActiveCfg = Debug|x86
		{EB510E49-3F90-4B3F-909A-340B898B487B}.Debug|x86.Build.0 = Debug|x86
		{EB510E49-3F90-4B3F-909A-340B898B487B}.Release|x64.ActiveCfg = Release|x64
		{EB510E49-3F90-4B3F-909A-340B898B487B}.Release|x64.Build.0 = Release|x64
		{EB510E49-3F90-4B3F-909A-340B898B487B}.Release|x86.ActiveCfg = Release|x86
		{EB510E49-3F90-4B3F-909A-340B898B487B}.Release|x86.Build.0 = Release|x86
		{71204445-5933-41D7-8EB6-ECBA186DEFBF}.Debug|x64.ActiveCfg = Debug|x64
		{71204445-5933-41D7-8EB6-ECBA186DEFBF}.Debug|x64.Build.0 = Debug|x64
		{71204445-5933-41D7-8EB6-ECBA186DEFBF}.Debug|x86.ActiveCfg = Debug|x86
		{71204445-5933-41D7-8EB6-ECBA186DEFBF}.Debug|x86.Build.0 = Debug|x86
		{71204445-5933-41D7-8EB6-ECBA186DEFBF}.Release|x64.ActiveCfg = Release|x64
		{71204445-5933-41D7-8EB6-ECBA186DEFBF}.Release|x64.Build.0 = Release|x64
		{71204445-5933-41D7-8EB6-ECBA186DEFBF}.Release|x86.ActiveCfg = Release|x86
		{71204445-5933-41D7-8EB6-ECBA186DEFBF}.Release|x86.Build.0 = Release|x86
		{D3BA08EB-0258-4E66-808D-9580A1400719}.Debug|x64.ActiveCfg = Debug|x64
		{D3BA08EB-0258-4E66-808D-9580A1400719}.Debug|x64.Build.0 = Debug|x64
		{D3BA08EB-0258-4E66-808D-9580A1400719}.Debug|x86.ActiveCfg = Debug|x86
		{D3BA08EB-0258-4E66-808D-9580A1400719}.Debug|x86.Build.0 = Debug|x86
		{D3BA08EB-0258-4E66-808D-9580A1400719}.Release|x64.ActiveCfg = Release|x64
		{D3BA08EB-0258-4E66-808D-9580A1400719}.Release|x64.Build.0 = Release|x64
		{D3BA08EB-0258-4E66-808D-9580A1400719}.Release|x86.ActiveCfg = Release|x86
		{D3BA08EB-0258-4E66-808D-9580A1400719}.Release|x86.Build.0 = Release|x86
	EndGlobalSection
	GlobalSection(SolutionProperties) = preSolution
		HideSolutionNode = FALSE
	EndGlobalSection
EndGlobal
